
Microsoft Visual Studio Solution File, Format Version 12.00
# Visual Studio Version 16
VisualStudioVersion = 16.0.29230.47
MinimumVisualStudioVersion = 10.0.40219.1
Project("{9A19103F-16F7-4668-BE54-9A1E7A4F7556}") = "AspNetSite", "AspNetSite\AspNetSite.csproj", "{FC6799B1-60D9-4B50-86BB-39A5DD6A6D5E}"
EndProject
Project("{FAE04EC0-301F-11D3-BF4B-00C04F79EFBC}") = "AspNetSite.Domain", "AspNetSite.Domain\AspNetSite.Domain.csproj", "{D6AC3E2B-288F-4A1B-BBC6-3EE566A9CE67}"
EndProject
Global
	GlobalSection(SolutionConfigurationPlatforms) = preSolution
		Debug|Any CPU = Debug|Any CPU
		Release|Any CPU = Release|Any CPU
	EndGlobalSection
	GlobalSection(ProjectConfigurationPlatforms) = postSolution
		{FC6799B1-60D9-4B50-86BB-39A5DD6A6D5E}.Debug|Any CPU.ActiveCfg = Debug|Any CPU
		{FC6799B1-60D9-4B50-86BB-39A5DD6A6D5E}.Debug|Any CPU.Build.0 = Debug|Any CPU
		{FC6799B1-60D9-4B50-86BB-39A5DD6A6D5E}.Release|Any CPU.ActiveCfg = Release|Any CPU
		{FC6799B1-60D9-4B50-86BB-39A5DD6A6D5E}.Release|Any CPU.Build.0 = Release|Any CPU
		{D6AC3E2B-288F-4A1B-BBC6-3EE566A9CE67}.Debug|Any CPU.ActiveCfg = Debug|Any CPU
		{D6AC3E2B-288F-4A1B-BBC6-3EE566A9CE67}.Debug|Any CPU.Build.0 = Debug|Any CPU
		{D6AC3E2B-288F-4A1B-BBC6-3EE566A9CE67}.Release|Any CPU.ActiveCfg = Release|Any CPU
		{D6AC3E2B-288F-4A1B-BBC6-3EE566A9CE67}.Release|Any CPU.Build.0 = Release|Any CPU
	EndGlobalSection
	GlobalSection(SolutionProperties) = preSolution
		HideSolutionNode = FALSE
	EndGlobalSection
	GlobalSection(ExtensibilityGlobals) = postSolution
		SolutionGuid = {550B3610-B844-4D75-ADE3-670A6BA17C38}
	EndGlobalSection
EndGlobal
